
Microsoft Visual Studio Solution File, Format Version 12.00
# Visual Studio Version 17
VisualStudioVersion = 17.8.34511.84
MinimumVisualStudioVersion = 10.0.40219.1
Project("{FAE04EC0-301F-11D3-BF4B-00C04F79EFBC}") = "DropAllItems", "DropAllItems\DropAllItems.csproj", "{A6371240-3356-4ED3-A099-A60593CC6981}"
EndProject
Global
	GlobalSection(SolutionConfigurationPlatforms) = preSolution
		Debug|Any CPU = Debug|Any CPU
		Release|Any CPU = Release|Any CPU
	EndGlobalSection
	GlobalSection(ProjectConfigurationPlatforms) = postSolution
		{A6371240-3356-4ED3-A099-A60593CC6981}.Debug|Any CPU.ActiveCfg = Debug|Any CPU
		{A6371240-3356-4ED3-A099-A60593CC6981}.Debug|Any CPU.Build.0 = Debug|Any CPU
		{A6371240-3356-4ED3-A099-A60593CC6981}.Release|Any CPU.ActiveCfg = Release|Any CPU
		{A6371240-3356-4ED3-A099-A60593CC6981}.Release|Any CPU.Build.0 = Release|Any CPU
	EndGlobalSection
	GlobalSection(SolutionProperties) = preSolution
		HideSolutionNode = FALSE
	EndGlobalSection
	GlobalSection(ExtensibilityGlobals) = postSolution
		SolutionGuid = {09A8D80B-8FB2-4DA0-B500-E77D5F38D2C2}
	EndGlobalSection
EndGlobal
